
Microsoft Visual Studio Solution File, Format Version 12.00
# Visual Studio Version 17
VisualStudioVersion = 17.5.002.0
MinimumVisualStudioVersion = 10.0.40219.1
Project("{9A19103F-16F7-4668-BE54-9A1E7A4F7556}") = "weather-email", "weather-email.csproj", "{7AB1ED87-6FED-4436-AF70-022F8A6D4593}"
EndProject
Global
	GlobalSection(SolutionConfigurationPlatforms) = preSolution
		Debug|Any CPU = Debug|Any CPU
		Release|Any CPU = Release|Any CPU
	EndGlobalSection
	GlobalSection(ProjectConfigurationPlatforms) = postSolution
		{7AB1ED87-6FED-4436-AF70-022F8A6D4593}.Debug|Any CPU.ActiveCfg = Debug|Any CPU
		{7AB1ED87-6FED-4436-AF70-022F8A6D4593}.Debug|Any CPU.Build.0 = Debug|Any CPU
		{7AB1ED87-6FED-4436-AF70-022F8A6D4593}.Release|Any CPU.ActiveCfg = Release|Any CPU
		{7AB1ED87-6FED-4436-AF70-022F8A6D4593}.Release|Any CPU.Build.0 = Release|Any CPU
	EndGlobalSection
	GlobalSection(SolutionProperties) = preSolution
		HideSolutionNode = FALSE
	EndGlobalSection
	GlobalSection(ExtensibilityGlobals) = postSolution
		SolutionGuid = {6737DDB2-7865-4A8D-BE35-95EAD3C7FF2E}
	EndGlobalSection
EndGlobal
